
Microsoft Visual Studio Solution File, Format Version 12.00
# Visual Studio Version 16
VisualStudioVersion = 16.0.34114.132
MinimumVisualStudioVersion = 10.0.40219.1
Project("{FAE04EC0-301F-11D3-BF4B-00C04F79EFBC}") = "Encpsulation", "Encpsulation\Encpsulation.csproj", "{9336643E-7A9F-49C8-8D06-36348A66F7B0}"
EndProject
Global
	GlobalSection(SolutionConfigurationPlatforms) = preSolution
		Debug|Any CPU = Debug|Any CPU
		Release|Any CPU = Release|Any CPU
	EndGlobalSection
	GlobalSection(ProjectConfigurationPlatforms) = postSolution
		{9336643E-7A9F-49C8-8D06-36348A66F7B0}.Debug|Any CPU.ActiveCfg = Debug|Any CPU
		{9336643E-7A9F-49C8-8D06-36348A66F7B0}.Debug|Any CPU.Build.0 = Debug|Any CPU
		{9336643E-7A9F-49C8-8D06-36348A66F7B0}.Release|Any CPU.ActiveCfg = Release|Any CPU
		{9336643E-7A9F-49C8-8D06-36348A66F7B0}.Release|Any CPU.Build.0 = Release|Any CPU
	EndGlobalSection
	GlobalSection(SolutionProperties) = preSolution
		HideSolutionNode = FALSE
	EndGlobalSection
	GlobalSection(ExtensibilityGlobals) = postSolution
		SolutionGuid = {540665CA-BD9E-4335-AEDF-5BA2D480763F}
	EndGlobalSection
EndGlobal
